
Microsoft Visual Studio Solution File, Format Version 12.00
# Visual Studio Version 17
VisualStudioVersion = 17.9.34616.47
MinimumVisualStudioVersion = 10.0.40219.1
Project("{9A19103F-16F7-4668-BE54-9A1E7A4F7556}") = "ConsoleApp1", "ConsoleApp1.csproj", "{5450F563-027D-4B8E-8535-9EAB1097BFDB}"
EndProject
Global
	GlobalSection(SolutionConfigurationPlatforms) = preSolution
		Debug|Any CPU = Debug|Any CPU
		Release|Any CPU = Release|Any CPU
	EndGlobalSection
	GlobalSection(ProjectConfigurationPlatforms) = postSolution
		{5450F563-027D-4B8E-8535-9EAB1097BFDB}.Debug|Any CPU.ActiveCfg = Debug|Any CPU
		{5450F563-027D-4B8E-8535-9EAB1097BFDB}.Debug|Any CPU.Build.0 = Debug|Any CPU
		{5450F563-027D-4B8E-8535-9EAB1097BFDB}.Release|Any CPU.ActiveCfg = Release|Any CPU
		{5450F563-027D-4B8E-8535-9EAB1097BFDB}.Release|Any CPU.Build.0 = Release|Any CPU
	EndGlobalSection
	GlobalSection(SolutionProperties) = preSolution
		HideSolutionNode = FALSE
	EndGlobalSection
	GlobalSection(ExtensibilityGlobals) = postSolution
		SolutionGuid = {138F1FDB-F939-4312-8AB1-E0FA70F15BD9}
	EndGlobalSection
EndGlobal
