
Microsoft Visual Studio Solution File, Format Version 12.00
# Visual Studio Version 17
VisualStudioVersion = 17.11.35303.130
MinimumVisualStudioVersion = 10.0.40219.1
Project("{FAE04EC0-301F-11D3-BF4B-00C04F79EFBC}") = "ObserverPattern(Behavourial_Design)", "ObserverPattern(Behavourial_Design)\ObserverPattern(Behavourial_Design).csproj", "{ED314249-C001-421D-9C76-90C7B3EBA532}"
EndProject
Global
	GlobalSection(SolutionConfigurationPlatforms) = preSolution
		Debug|Any CPU = Debug|Any CPU
		Release|Any CPU = Release|Any CPU
	EndGlobalSection
	GlobalSection(ProjectConfigurationPlatforms) = postSolution
		{ED314249-C001-421D-9C76-90C7B3EBA532}.Debug|Any CPU.ActiveCfg = Debug|Any CPU
		{ED314249-C001-421D-9C76-90C7B3EBA532}.Debug|Any CPU.Build.0 = Debug|Any CPU
		{ED314249-C001-421D-9C76-90C7B3EBA532}.Release|Any CPU.ActiveCfg = Release|Any CPU
		{ED314249-C001-421D-9C76-90C7B3EBA532}.Release|Any CPU.Build.0 = Release|Any CPU
	EndGlobalSection
	GlobalSection(SolutionProperties) = preSolution
		HideSolutionNode = FALSE
	EndGlobalSection
	GlobalSection(ExtensibilityGlobals) = postSolution
		SolutionGuid = {2A18E83B-CC02-49C0-AA5D-3934840A82E9}
	EndGlobalSection
EndGlobal
